# THIS IS AN AUTOGENERATED FILE. DO NOT EDIT THIS FILE DIRECTLY.
# yarn lockfile v1


undici@^5.3.0:
  version "5.3.0"
  resolved "https://registry.yarnpkg.com/undici/-/undici-5.3.0.tgz#869d47bafa7f72ccaf8738258f0283bf3dd179ca"
  integrity sha512-8LxC/xmR2GCE4q1heE1sJxVnnf5S6yQ2dObvMFBBWkB8aQlaqNuWovgRFWRMB7KUdLPGZfOTTmUeeLEJYX56iQ==
