# This file is generated by running "yarn install" inside your project.
# Manual changes might be lost - proceed with caution!

__metadata:
  version: 6
  cacheKey: 8

"node-spotify-api@workspace:.":
  version: 0.0.0-use.local
  resolution: "node-spotify-api@workspace:."
  dependencies:
    undici: ^5.5.1
  languageName: unknown
  linkType: soft

"undici@npm:^5.5.1":
  version: 5.5.1
  resolution: "undici@npm:5.5.1"
  checksum: c041c9093df7ec683479a9555581206a7c7bebfc1ed6e8669920e55618461fc4ce08938e2fbf8ef7d692c2813c44392b5ed25c58396ee4a72ffd1f1f953712c9
  languageName: node
  linkType: hard
