# THIS IS AN AUTOGENERATED FILE. DO NOT EDIT THIS FILE DIRECTLY.
# yarn lockfile v1


undici@^5.2.0:
  version "5.2.0"
  resolved "https://registry.yarnpkg.com/undici/-/undici-5.2.0.tgz#18c5bd59f8f1b1ed8dcc9dca2f754c44ec994059"
  integrity sha512-XY6+NS3WH9b3TKOHeNz2CjR+qrVz/k4fO9g3etPpLozRvULoQmZ1+dk9JbIz40ehn27xzFk4jYVU2MU3Nle62A==
